{
  "name": "@microsoft/opentelemetry-agent365-s2s-sample",
  "version": "1.0.0",
  "lockfileVersion": 3,
  "requires": true,
  "packages": {
    "": {
      "name": "@microsoft/opentelemetry-agent365-s2s-sample",
      "version": "1.0.0",
      "dependencies": {
        "@azure/msal-node": "^6.0.0",
        "@microsoft/opentelemetry": "file:../..",
        "@opentelemetry/api": "^1.9.1"
      },
      "devDependencies": {
        "@opentelemetry/sdk-trace-base": "^2.10.0",
        "@opentelemetry/sdk-trace-node": "^2.10.0",
        "@types/node": "^22.0.0",
        "typescript": "^5.6.0"
      },
      "engines": {
        "node": ">=22.0.0"
      }
    },
    "../..": {
      "name": "@microsoft/opentelemetry",
      "version": "1.4.0",
      "license": "MIT",
      "dependencies": {
        "@azure-rest/core-client": "^2.8.0",
        "@azure/core-auth": "^1.11.0",
        "@azure/core-rest-pipeline": "^1.25.0",
        "@azure/logger": "^1.4.0",
        "@azure/monitor-opentelemetry-exporter": ">=1.0.0-beta.45 <1.0.0-c",
        "@azure/opentelemetry-instrumentation-azure-sdk": "^1.1.0-beta.1",
        "@microsoft/applicationinsights-web-snippet": "^1.2.3",
        "@opentelemetry/api": "^1.9.1",
        "@opentelemetry/api-logs": "^0.221.0",
        "@opentelemetry/core": "^2.10.0",
        "@opentelemetry/exporter-logs-otlp-http": "^0.221.0",
        "@opentelemetry/exporter-metrics-otlp-http": "^0.221.0",
        "@opentelemetry/exporter-trace-otlp-http": "^0.221.0",
        "@opentelemetry/instrumentation": "^0.221.0",
        "@opentelemetry/instrumentation-bunyan": "^0.66.0",
        "@opentelemetry/instrumentation-console": "^0.3.0",
        "@opentelemetry/instrumentation-http": "^0.221.0",
        "@opentelemetry/instrumentation-mongodb": "^0.74.0",
        "@opentelemetry/instrumentation-mysql": "^0.67.0",
        "@opentelemetry/instrumentation-pg": "^0.73.0",
        "@opentelemetry/instrumentation-redis": "^0.69.0",
        "@opentelemetry/instrumentation-winston": "^0.65.0",
        "@opentelemetry/resource-detector-azure": "^0.29.0",
        "@opentelemetry/resources": "^2.10.0",
        "@opentelemetry/sdk-logs": "^0.221.0",
        "@opentelemetry/sdk-metrics": "^2.10.0",
        "@opentelemetry/sdk-node": "^0.221.0",
        "@opentelemetry/sdk-trace-base": "^2.10.0",
        "@opentelemetry/sdk-trace-node": "^2.10.0",
        "@opentelemetry/semantic-conventions": "^1.43.0",
        "@opentelemetry/winston-transport": "^0.31.0",
        "tslib": "^2.8.1"
      },
      "devDependencies": {
        "@azure/functions": "^4.9.0",
        "@eslint/js": "^10.0.1",
        "@langchain/core": "^1.1.39",
        "@openai/agents": "^0.8.3",
        "@types/node": "^22.0.0",
        "@typescript-eslint/eslint-plugin": "^8.65.0",
        "@typescript-eslint/parser": "^8.65.0",
        "@vitest/coverage-istanbul": "^4.1.8",
        "dotenv": "^16.0.0",
        "eslint": "^10.8.0",
        "eslint-config-prettier": "^10.1.8",
        "husky": "^9.1.7",
        "lint-staged": "^16.4.0",
        "prettier": "^3.3.3",
        "rimraf": "^6.0.0",
        "typedoc": "^0.28.19",
        "typescript": "^5.6.0",
        "typescript-eslint": "^8.65.0",
        "vitest": "^4.1.8"
      },
      "engines": {
        "node": ">=22.0.0"
      }
    },
    "node_modules/@azure/msal-common": {
      "version": "16.14.0",
      "resolved": "https://ms-feed-25.pkgs.visualstudio.com/1es-public/_packaging/npm-public/npm/registry/@azure/msal-common/-/msal-common-16.14.0.tgz",
      "integrity": "sha1-zd2zjYMr4OG+YifqZNTrEZmXInw=",
      "license": "MIT",
      "engines": {
        "node": ">=0.8.0"
      }
    },
    "node_modules/@azure/msal-node": {
      "version": "6.0.0",
      "resolved": "https://ms-feed-25.pkgs.visualstudio.com/1es-public/_packaging/npm-public/npm/registry/@azure/msal-node/-/msal-node-6.0.0.tgz",
      "integrity": "sha1-WBqVaCpBRWwm89vVMpiR+9PrEC4=",
      "license": "MIT",
      "dependencies": {
        "@azure/msal-common": "16.14.0",
        "jsonwebtoken": "^9.0.0"
      },
      "engines": {
        "node": ">=20"
      }
    },
    "node_modules/@microsoft/opentelemetry": {
      "resolved": "../..",
      "link": true
    },
    "node_modules/@opentelemetry/api": {
      "version": "1.9.1",
      "resolved": "https://ms-feed-25.pkgs.visualstudio.com/1es-public/_packaging/npm-public/npm/registry/@opentelemetry/api/-/api-1.9.1.tgz",
      "integrity": "sha1-wbA0beM2ulWvLVp5cIggN7rt7AU=",
      "license": "Apache-2.0",
      "engines": {
        "node": ">=8.0.0"
      }
    },
    "node_modules/@opentelemetry/context-async-hooks": {
      "version": "2.11.0",
      "resolved": "https://ms-feed-25.pkgs.visualstudio.com/1es-public/_packaging/npm-public/npm/registry/@opentelemetry/context-async-hooks/-/context-async-hooks-2.11.0.tgz",
      "integrity": "sha1-E3etPLESUQa6NtTNPEkzSE0VdpE=",
      "dev": true,
      "license": "Apache-2.0",
      "engines": {
        "node": "^18.19.0 || >=20.6.0"
      },
      "peerDependencies": {
        "@opentelemetry/api": ">=1.0.0 <1.10.0"
      }
    },
    "node_modules/@opentelemetry/core": {
      "version": "2.11.0",
      "resolved": "https://ms-feed-25.pkgs.visualstudio.com/1es-public/_packaging/npm-public/npm/registry/@opentelemetry/core/-/core-2.11.0.tgz",
      "integrity": "sha1-l4SdOAi7plJWi31T4gyfw4vLfEk=",
      "dev": true,
      "license": "Apache-2.0",
      "dependencies": {
        "@opentelemetry/semantic-conventions": "^1.29.0"
      },
      "engines": {
        "node": "^18.19.0 || >=20.6.0"
      },
      "peerDependencies": {
        "@opentelemetry/api": ">=1.0.0 <1.10.0"
      }
    },
    "node_modules/@opentelemetry/resources": {
      "version": "2.11.0",
      "resolved": "https://ms-feed-25.pkgs.visualstudio.com/1es-public/_packaging/npm-public/npm/registry/@opentelemetry/resources/-/resources-2.11.0.tgz",
      "integrity": "sha1-tOYLqSpPEi3JefNAKuqXE6mOrFs=",
      "dev": true,
      "license": "Apache-2.0",
      "dependencies": {
        "@opentelemetry/core": "2.11.0",
        "@opentelemetry/semantic-conventions": "^1.29.0"
      },
      "engines": {
        "node": "^18.19.0 || >=20.6.0"
      },
      "peerDependencies": {
        "@opentelemetry/api": ">=1.3.0 <1.10.0"
      }
    },
    "node_modules/@opentelemetry/sdk-trace": {
      "version": "2.11.0",
      "resolved": "https://ms-feed-25.pkgs.visualstudio.com/1es-public/_packaging/npm-public/npm/registry/@opentelemetry/sdk-trace/-/sdk-trace-2.11.0.tgz",
      "integrity": "sha1-Rru6nTZnVd99b63tD3zSWvfyZcI=",
      "dev": true,
      "license": "Apache-2.0",
      "dependencies": {
        "@opentelemetry/core": "2.11.0",
        "@opentelemetry/resources": "2.11.0",
        "@opentelemetry/semantic-conventions": "^1.29.0"
      },
      "engines": {
        "node": "^18.19.0 || >=20.6.0"
      },
      "peerDependencies": {
        "@opentelemetry/api": ">=1.3.0 <1.10.0"
      }
    },
    "node_modules/@opentelemetry/sdk-trace-base": {
      "version": "2.11.0",
      "resolved": "https://ms-feed-25.pkgs.visualstudio.com/1es-public/_packaging/npm-public/npm/registry/@opentelemetry/sdk-trace-base/-/sdk-trace-base-2.11.0.tgz",
      "integrity": "sha1-P3JUAfz7FuWyM1wQPNyUiIKWMtE=",
      "dev": true,
      "license": "Apache-2.0",
      "dependencies": {
        "@opentelemetry/core": "2.11.0",
        "@opentelemetry/resources": "2.11.0",
        "@opentelemetry/sdk-trace": "2.11.0",
        "@opentelemetry/semantic-conventions": "^1.29.0"
      },
      "engines": {
        "node": "^18.19.0 || >=20.6.0"
      },
      "peerDependencies": {
        "@opentelemetry/api": ">=1.3.0 <1.10.0"
      }
    },
    "node_modules/@opentelemetry/sdk-trace-node": {
      "version": "2.11.0",
      "resolved": "https://ms-feed-25.pkgs.visualstudio.com/1es-public/_packaging/npm-public/npm/registry/@opentelemetry/sdk-trace-node/-/sdk-trace-node-2.11.0.tgz",
      "integrity": "sha1-PhI+/y39o9qPXJOnxCsYXt/te8M=",
      "dev": true,
      "license": "Apache-2.0",
      "dependencies": {
        "@opentelemetry/context-async-hooks": "2.11.0",
        "@opentelemetry/core": "2.11.0",
        "@opentelemetry/sdk-trace-base": "2.11.0"
      },
      "engines": {
        "node": "^18.19.0 || >=20.6.0"
      },
      "peerDependencies": {
        "@opentelemetry/api": ">=1.0.0 <1.10.0"
      }
    },
    "node_modules/@opentelemetry/semantic-conventions": {
      "version": "1.43.0",
      "resolved": "https://ms-feed-25.pkgs.visualstudio.com/1es-public/_packaging/npm-public/npm/registry/@opentelemetry/semantic-conventions/-/semantic-conventions-1.43.0.tgz",
      "integrity": "sha1-8/Rn42wnMy8Oc17IbNzXjdbyeGU=",
      "dev": true,
      "license": "Apache-2.0",
      "engines": {
        "node": ">=14"
      }
    },
    "node_modules/@types/node": {
      "version": "22.20.1",
      "resolved": "https://ms-feed-25.pkgs.visualstudio.com/1es-public/_packaging/npm-public/npm/registry/@types/node/-/node-22.20.1.tgz",
      "integrity": "sha1-hOfN9jzaogwTSqMXzMkBqiHhbw4=",
      "dev": true,
      "license": "MIT",
      "dependencies": {
        "undici-types": "~6.21.0"
      }
    },
    "node_modules/buffer-equal-constant-time": {
      "version": "1.0.1",
      "resolved": "https://ms-feed-25.pkgs.visualstudio.com/1es-public/_packaging/npm-public/npm/registry/buffer-equal-constant-time/-/buffer-equal-constant-time-1.0.1.tgz",
      "integrity": "sha1-+OcRMvf/5uAaXJaXpMbz5I1cyBk=",
      "license": "BSD-3-Clause"
    },
    "node_modules/ecdsa-sig-formatter": {
      "version": "1.0.11",
      "resolved": "https://ms-feed-25.pkgs.visualstudio.com/1es-public/_packaging/npm-public/npm/registry/ecdsa-sig-formatter/-/ecdsa-sig-formatter-1.0.11.tgz",
      "integrity": "sha1-rg8PothQRe8UqBfao86azQSJ5b8=",
      "license": "Apache-2.0",
      "dependencies": {
        "safe-buffer": "^5.0.1"
      }
    },
    "node_modules/jsonwebtoken": {
      "version": "9.0.3",
      "resolved": "https://ms-feed-25.pkgs.visualstudio.com/1es-public/_packaging/npm-public/npm/registry/jsonwebtoken/-/jsonwebtoken-9.0.3.tgz",
      "integrity": "sha1-bNV6sB6bCsB8uEfVPTybbuMfeuI=",
      "license": "MIT",
      "dependencies": {
        "jws": "^4.0.1",
        "lodash.includes": "^4.3.0",
        "lodash.isboolean": "^3.0.3",
        "lodash.isinteger": "^4.0.4",
        "lodash.isnumber": "^3.0.3",
        "lodash.isplainobject": "^4.0.6",
        "lodash.isstring": "^4.0.1",
        "lodash.once": "^4.0.0",
        "ms": "^2.1.1",
        "semver": "^7.5.4"
      },
      "engines": {
        "node": ">=12",
        "npm": ">=6"
      }
    },
    "node_modules/jwa": {
      "version": "2.0.1",
      "resolved": "https://ms-feed-25.pkgs.visualstudio.com/1es-public/_packaging/npm-public/npm/registry/jwa/-/jwa-2.0.1.tgz",
      "integrity": "sha1-v4F20a0M1y4PP1gzhZWhPhELyAQ=",
      "license": "MIT",
      "dependencies": {
        "buffer-equal-constant-time": "^1.0.1",
        "ecdsa-sig-formatter": "1.0.11",
        "safe-buffer": "^5.0.1"
      }
    },
    "node_modules/jws": {
      "version": "4.0.1",
      "resolved": "https://ms-feed-25.pkgs.visualstudio.com/1es-public/_packaging/npm-public/npm/registry/jws/-/jws-4.0.1.tgz",
      "integrity": "sha1-B+3Bvo+sIOZ3soPs4mFJi9OPBpA=",
      "license": "MIT",
      "dependencies": {
        "jwa": "^2.0.1",
        "safe-buffer": "^5.0.1"
      }
    },
    "node_modules/lodash.includes": {
      "version": "4.3.0",
      "resolved": "https://ms-feed-25.pkgs.visualstudio.com/1es-public/_packaging/npm-public/npm/registry/lodash.includes/-/lodash.includes-4.3.0.tgz",
      "integrity": "sha1-YLuYqHy5I8aMoeUTJUgzFISfVT8=",
      "license": "MIT"
    },
    "node_modules/lodash.isboolean": {
      "version": "3.0.3",
      "resolved": "https://ms-feed-25.pkgs.visualstudio.com/1es-public/_packaging/npm-public/npm/registry/lodash.isboolean/-/lodash.isboolean-3.0.3.tgz",
      "integrity": "sha1-bC4XHbKiV82WgC/UOwGyDV9YcPY=",
      "license": "MIT"
    },
    "node_modules/lodash.isinteger": {
      "version": "4.0.4",
      "resolved": "https://ms-feed-25.pkgs.visualstudio.com/1es-public/_packaging/npm-public/npm/registry/lodash.isinteger/-/lodash.isinteger-4.0.4.tgz",
      "integrity": "sha1-YZwK89A/iwTDH1iChAt3sRzWg0M=",
      "license": "MIT"
    },
    "node_modules/lodash.isnumber": {
      "version": "3.0.3",
      "resolved": "https://ms-feed-25.pkgs.visualstudio.com/1es-public/_packaging/npm-public/npm/registry/lodash.isnumber/-/lodash.isnumber-3.0.3.tgz",
      "integrity": "sha1-POdoEMWSjQM1IwGsKHMX8RwLH/w=",
      "license": "MIT"
    },
    "node_modules/lodash.isplainobject": {
      "version": "4.0.6",
      "resolved": "https://ms-feed-25.pkgs.visualstudio.com/1es-public/_packaging/npm-public/npm/registry/lodash.isplainobject/-/lodash.isplainobject-4.0.6.tgz",
      "integrity": "sha1-fFJqUtibRcRcxpC4gWO+BJf1UMs=",
      "license": "MIT"
    },
    "node_modules/lodash.isstring": {
      "version": "4.0.1",
      "resolved": "https://ms-feed-25.pkgs.visualstudio.com/1es-public/_packaging/npm-public/npm/registry/lodash.isstring/-/lodash.isstring-4.0.1.tgz",
      "integrity": "sha1-1SfftUVuynzJu5XV2ur4i6VKVFE=",
      "license": "MIT"
    },
    "node_modules/lodash.once": {
      "version": "4.1.1",
      "resolved": "https://ms-feed-25.pkgs.visualstudio.com/1es-public/_packaging/npm-public/npm/registry/lodash.once/-/lodash.once-4.1.1.tgz",
      "integrity": "sha1-DdOXEhPHxW34gJd9UEyI+0cal6w=",
      "license": "MIT"
    },
    "node_modules/ms": {
      "version": "2.1.3",
      "resolved": "https://ms-feed-25.pkgs.visualstudio.com/1es-public/_packaging/npm-public/npm/registry/ms/-/ms-2.1.3.tgz",
      "integrity": "sha1-V0yBOM4dK1hh8LRFedut1gxmFbI=",
      "license": "MIT"
    },
    "node_modules/safe-buffer": {
      "version": "5.2.1",
      "resolved": "https://ms-feed-25.pkgs.visualstudio.com/1es-public/_packaging/npm-public/npm/registry/safe-buffer/-/safe-buffer-5.2.1.tgz",
      "integrity": "sha1-Hq+fqb2x/dTsdfWPnNtOa3gn7sY=",
      "funding": [
        {
          "type": "github",
          "url": "https://github.com/sponsors/feross"
        },
        {
          "type": "patreon",
          "url": "https://www.patreon.com/feross"
        },
        {
          "type": "consulting",
          "url": "https://feross.org/support"
        }
      ],
      "license": "MIT"
    },
    "node_modules/semver": {
      "version": "7.8.5",
      "resolved": "https://ms-feed-25.pkgs.visualstudio.com/1es-public/_packaging/npm-public/npm/registry/semver/-/semver-7.8.5.tgz",
      "integrity": "sha1-ObZGA33VDBT7RR5+TKxY7YuGP2k=",
      "license": "ISC",
      "bin": {
        "semver": "bin/semver.js"
      },
      "engines": {
        "node": ">=10"
      }
    },
    "node_modules/typescript": {
      "version": "5.9.3",
      "resolved": "https://ms-feed-25.pkgs.visualstudio.com/1es-public/_packaging/npm-public/npm/registry/typescript/-/typescript-5.9.3.tgz",
      "integrity": "sha1-W09Z4VMQqxeiFvXWz1PuR27eZw8=",
      "dev": true,
      "license": "Apache-2.0",
      "bin": {
        "tsc": "bin/tsc",
        "tsserver": "bin/tsserver"
      },
      "engines": {
        "node": ">=14.17"
      }
    },
    "node_modules/undici-types": {
      "version": "6.21.0",
      "resolved": "https://ms-feed-25.pkgs.visualstudio.com/1es-public/_packaging/npm-public/npm/registry/undici-types/-/undici-types-6.21.0.tgz",
      "integrity": "sha1-aR0ArzkJvpOn+qE75hs6W1DvEss=",
      "dev": true,
      "license": "MIT"
    }
  }
}
